
Microsoft Visual Studio Solution File, Format Version 12.00
# Visual Studio Version 17
VisualStudioVersion = 17.14.36414.22 d17.14
MinimumVisualStudioVersion = 10.0.40219.1
Project("{FAE04EC0-301F-11D3-BF4B-00C04F79EFBC}") = "FinancialCrm", "FinancialCrm\FinancialCrm.csproj", "{7BDE5C7D-836F-4C8E-AC9D-0957F41C0972}"
EndProject
Global
	GlobalSection(SolutionConfigurationPlatforms) = preSolution
		Debug|Any CPU = Debug|Any CPU
		Release|Any CPU = Release|Any CPU
	EndGlobalSection
	GlobalSection(ProjectConfigurationPlatforms) = postSolution
		{7BDE5C7D-836F-4C8E-AC9D-0957F41C0972}.Debug|Any CPU.ActiveCfg = Debug|Any CPU
		{7BDE5C7D-836F-4C8E-AC9D-0957F41C0972}.Debug|Any CPU.Build.0 = Debug|Any CPU
		{7BDE5C7D-836F-4C8E-AC9D-0957F41C0972}.Release|Any CPU.ActiveCfg = Release|Any CPU
		{7BDE5C7D-836F-4C8E-AC9D-0957F41C0972}.Release|Any CPU.Build.0 = Release|Any CPU
	EndGlobalSection
	GlobalSection(SolutionProperties) = preSolution
		HideSolutionNode = FALSE
	EndGlobalSection
	GlobalSection(ExtensibilityGlobals) = postSolution
		SolutionGuid = {F1C881EF-9362-42E2-8BEE-D833D4C3E63D}
	EndGlobalSection
EndGlobal
